// !$*UTF8*$!
{
	archiveVersion = 1;
	classes = {
	};
	objectVersion = 50;
	objects = {

/* Begin PBXBuildFile section */
		7093A78023B364BE00F04FFD /* AppDelegate.swift in Sources */ = {isa = PBXBuildFile; fileRef = 7093A77F23B364BE00F04FFD /* AppDelegate.swift */; };
		7093A78223B364BE00F04FFD /* SceneDelegate.swift in Sources */ = {isa = PBXBuildFile; fileRef = 7093A78123B364BE00F04FFD /* SceneDelegate.swift */; };
		7093A78423B364BE00F04FFD /* ContentView.swift in Sources */ = {isa = PBXBuildFile; fileRef = 7093A78323B364BE00F04FFD /* ContentView.swift */; };
		7093A78623B364C200F04FFD /* Assets.xcassets in Resources */ = {isa = PBXBuildFile; fileRef = 7093A78523B364C200F04FFD /* Assets.xcassets */; };
		7093A78923B364C200F04FFD /* Preview Assets.xcassets in Resources */ = {isa = PBXBuildFile; fileRef = 7093A78823B364C200F04FFD /* Preview Assets.xcassets */; };
		7093A78C23B364C200F04FFD /* LaunchScreen.storyboard in Resources */ = {isa = PBXBuildFile; fileRef = 7093A78A23B364C200F04FFD /* LaunchScreen.storyboard */; };
		7093A79723B364C200F04FFD /* BullseyeTests.swift in Sources */ = {isa = PBXBuildFile; fileRef = 7093A79623B364C200F04FFD /* BullseyeTests.swift */; };
		7093A7A223B364C200F04FFD /* BullseyeUITests.swift in Sources */ = {isa = PBXBuildFile; fileRef = 7093A7A123B364C200F04FFD /* BullseyeUITests.swift */; };
/* End PBXBuildFile section */

/* Begin PBXContainerItemProxy section */
		7093A79323B364C200F04FFD /* PBXContainerItemProxy */ = {
			isa = PBXContainerItemProxy;
			containerPortal = 7093A77423B364BD00F04FFD /* Project object */;
			proxyType = 1;
			remoteGlobalIDString = 7093A77B23B364BD00F04FFD;
			remoteInfo = Bullseye;
		};
		7093A79E23B364C200F04FFD /* PBXContainerItemProxy */ = {
			isa = PBXContainerItemProxy;
			containerPortal = 7093A77423B364BD00F04FFD /* Project object */;
			proxyType = 1;
			remoteGlobalIDString = 7093A77B23B364BD00F04FFD;
			remoteInfo = Bullseye;
		};
/* End PBXContainerItemProxy section */

/* Begin PBXFileReference section */
		7093A77C23B364BE00F04FFD /* Bullseye.app */ = {isa = PBXFileReference; explicitFileType = wrapper.application; includeInIndex = 0; path = Bullseye.app; sourceTree = BUILT_PRODUCTS_DIR; };
		7093A77F23B364BE00F04FFD /* AppDelegate.swift */ = {isa = PBXFileReference; lastKnownFileType = sourcecode.swift; path = AppDelegate.swift; sourceTree = "<group>"; };
		7093A78123B364BE00F04FFD /* SceneDelegate.swift */ = {isa = PBXFileReference; lastKnownFileType = sourcecode.swift; path = SceneDelegate.swift; sourceTree = "<group>"; };
		7093A78323B364BE00F04FFD /* ContentView.swift */ = {isa = PBXFileReference; lastKnownFileType = sourcecode.swift; path = ContentView.swift; sourceTree = "<group>"; };
		7093A78523B364C200F04FFD /* Assets.xcassets */ = {isa = PBXFileReference; lastKnownFileType = folder.assetcatalog; path = Assets.xcassets; sourceTree = "<group>"; };
		7093A78823B364C200F04FFD /* Preview Assets.xcassets */ = {isa = PBXFileReference; lastKnownFileType = folder.assetcatalog; path = "Preview Assets.xcassets"; sourceTree = "<group>"; };
		7093A78B23B364C200F04FFD /* Base */ = {isa = PBXFileReference; lastKnownFileType = file.storyboard; name = Base; path = Base.lproj/LaunchScreen.storyboard; sourceTree = "<group>"; };
		7093A78D23B364C200F04FFD /* Info.plist */ = {isa = PBXFileReference; lastKnownFileType = text.plist.xml; path = Info.plist; sourceTree = "<group>"; };
		7093A79223B364C200F04FFD /* BullseyeTests.xctest */ = {isa = PBXFileReference; explicitFileType = wrapper.cfbundle; includeInIndex = 0; path = BullseyeTests.xctest; sourceTree = BUILT_PRODUCTS_DIR; };
		7093A79623B364C200F04FFD /* BullseyeTests.swift */ = {isa = PBXFileReference; lastKnownFileType = sourcecode.swift; path = BullseyeTests.swift; sourceTree = "<group>"; };
		7093A79823B364C200F04FFD /* Info.plist */ = {isa = PBXFileReference; lastKnownFileType = text.plist.xml; path = Info.plist; sourceTree = "<group>"; };
		7093A79D23B364C200F04FFD /* BullseyeUITests.xctest */ = {isa = PBXFileReference; explicitFileType = wrapper.cfbundle; includeInIndex = 0; path = BullseyeUITests.xctest; sourceTree = BUILT_PRODUCTS_DIR; };
		7093A7A123B364C200F04FFD /* BullseyeUITests.swift */ = {isa = PBXFileReference; lastKnownFileType = sourcecode.swift; path = BullseyeUITests.swift; sourceTree = "<group>"; };
		7093A7A323B364C200F04FFD /* Info.plist */ = {isa = PBXFileReference; lastKnownFileType = text.plist.xml; path = Info.plist; sourceTree = "<group>"; };
/* End PBXFileReference section */

/* Begin PBXFrameworksBuildPhase section */
		7093A77923B364BD00F04FFD /* Frameworks */ = {
			isa = PBXFrameworksBuildPhase;
			buildActionMask = 2147483647;
			files = (
			);
			runOnlyForDeploymentPostprocessing = 0;
		};
		7093A78F23B364C200F04FFD /* Frameworks */ = {
			isa = PBXFrameworksBuildPhase;
			buildActionMask = 2147483647;
			files = (
			);
			runOnlyForDeploymentPostprocessing = 0;
		};
		7093A79A23B364C200F04FFD /* Frameworks */ = {
			isa = PBXFrameworksBuildPhase;
			buildActionMask = 2147483647;
			files = (
			);
			runOnlyForDeploymentPostprocessing = 0;
		};
/* End PBXFrameworksBuildPhase section */

/* Begin PBXGroup section */
		7093A77323B364BD00F04FFD = {
			isa = PBXGroup;
			children = (
				7093A77E23B364BE00F04FFD /* Bullseye */,
				7093A79523B364C200F04FFD /* BullseyeTests */,
				7093A7A023B364C200F04FFD /* BullseyeUITests */,
				7093A77D23B364BE00F04FFD /* Products */,
			);
			sourceTree = "<group>";
		};
		7093A77D23B364BE00F04FFD /* Products */ = {
			isa = PBXGroup;
			children = (
				7093A77C23B364BE00F04FFD /* Bullseye.app */,
				7093A79223B364C200F04FFD /* BullseyeTests.xctest */,
				7093A79D23B364C200F04FFD /* BullseyeUITests.xctest */,
			);
			name = Products;
			sourceTree = "<group>";
		};
		7093A77E23B364BE00F04FFD /* Bullseye */ = {
			isa = PBXGroup;
			children = (
				7093A77F23B364BE00F04FFD /* AppDelegate.swift */,
				7093A78123B364BE00F04FFD /* SceneDelegate.swift */,
				7093A78323B364BE00F04FFD /* ContentView.swift */,
				7093A78523B364C200F04FFD /* Assets.xcassets */,
				7093A78A23B364C200F04FFD /* LaunchScreen.storyboard */,
				7093A78D23B364C200F04FFD /* Info.plist */,
				7093A78723B364C200F04FFD /* Preview Content */,
			);
			path = Bullseye;
			sourceTree = "<group>";
		};
		7093A78723B364C200F04FFD /* Preview Content */ = {
			isa = PBXGroup;
			children = (
				7093A78823B364C200F04FFD /* Preview Assets.xcassets */,
			);
			path = "Preview Content";
			sourceTree = "<group>";
		};
		7093A79523B364C200F04FFD /* BullseyeTests */ = {
			isa = PBXGroup;
			children = (
				7093A79623B364C200F04FFD /* BullseyeTests.swift */,
				7093A79823B364C200F04FFD /* Info.plist */,
			);
			path = BullseyeTests;
			sourceTree = "<group>";
		};
		7093A7A023B364C200F04FFD /* BullseyeUITests */ = {
			isa = PBXGroup;
			children = (
				7093A7A123B364C200F04FFD /* BullseyeUITests.swift */,
				7093A7A323B364C200F04FFD /* Info.plist */,
			);
			path = BullseyeUITests;
			sourceTree = "<group>";
		};
/* End PBXGroup section */

/* Begin PBXNativeTarget section */
		7093A77B23B364BD00F04FFD /* Bullseye */ = {
			isa = PBXNativeTarget;
			buildConfigurationList = 7093A7A623B364C200F04FFD /* Build configuration list for PBXNativeTarget "Bullseye" */;
			buildPhases = (
				7093A77823B364BD00F04FFD /* Sources */,
				7093A77923B364BD00F04FFD /* Frameworks */,
				7093A77A23B364BD00F04FFD /* Resources */,
			);
			buildRules = (
			);
			dependencies = (
			);
			name = Bullseye;
			productName = Bullseye;
			productReference = 7093A77C23B364BE00F04FFD /* Bullseye.app */;
			productType = "com.apple.product-type.application";
		};
		7093A79123B364C200F04FFD /* BullseyeTests */ = {
			isa = PBXNativeTarget;
			buildConfigurationList = 7093A7A923B364C200F04FFD /* Build configuration list for PBXNativeTarget "BullseyeTests" */;
			buildPhases = (
				7093A78E23B364C200F04FFD /* Sources */,
				7093A78F23B364C200F04FFD /* Frameworks */,
				7093A79023B364C200F04FFD /* Resources */,
			);
			buildRules = (
			);
			dependencies = (
				7093A79423B364C200F04FFD /* PBXTargetDependency */,
			);
			name = BullseyeTests;
			productName = BullseyeTests;
			productReference = 7093A79223B364C200F04FFD /* BullseyeTests.xctest */;
			productType = "com.apple.product-type.bundle.unit-test";
		};
		7093A79C23B364C200F04FFD /* BullseyeUITests */ = {
			isa = PBXNativeTarget;
			buildConfigurationList = 7093A7AC23B364C200F04FFD /* Build configuration list for PBXNativeTarget "BullseyeUITests" */;
			buildPhases = (
				7093A79923B364C200F04FFD /* Sources */,
				7093A79A23B364C200F04FFD /* Frameworks */,
				7093A79B23B364C200F04FFD /* Resources */,
			);
			buildRules = (
			);
			dependencies = (
				7093A79F23B364C200F04FFD /* PBXTargetDependency */,
			);
			name = BullseyeUITests;
			productName = BullseyeUITests;
			productReference = 7093A79D23B364C200F04FFD /* BullseyeUITests.xctest */;
			productType = "com.apple.product-type.bundle.ui-testing";
		};
/* End PBXNativeTarget section */

/* Begin PBXProject section */
		7093A77423B364BD00F04FFD /* Project object */ = {
			isa = PBXProject;
			attributes = {
				LastSwiftUpdateCheck = 1130;
				LastUpgradeCheck = 1130;
				ORGANIZATIONNAME = Mintin;
				TargetAttributes = {
					7093A77B23B364BD00F04FFD = {
						CreatedOnToolsVersion = 11.3;
					};
					7093A79123B364C200F04FFD = {
						CreatedOnToolsVersion = 11.3;
						TestTargetID = 7093A77B23B364BD00F04FFD;
					};
					7093A79C23B364C200F04FFD = {
						CreatedOnToolsVersion = 11.3;
						TestTargetID = 7093A77B23B364BD00F04FFD;
					};
				};
			};
			buildConfigurationList = 7093A77723B364BD00F04FFD /* Build configuration list for PBXProject "Bullseye" */;
			compatibilityVersion = "Xcode 9.3";
			developmentRegion = en;
			hasScannedForEncodings = 0;
			knownRegions = (
				en,
				Base,
			);
			mainGroup = 7093A77323B364BD00F04FFD;
			productRefGroup = 7093A77D23B364BE00F04FFD /* Products */;
			projectDirPath = "";
			projectRoot = "";
			targets = (
				7093A77B23B364BD00F04FFD /* Bullseye */,
				7093A79123B364C200F04FFD /* BullseyeTests */,
				7093A79C23B364C200F04FFD /* BullseyeUITests */,
			);
		};
/* End PBXProject section */

/* Begin PBXResourcesBuildPhase section */
		7093A77A23B364BD00F04FFD /* Resources */ = {
			isa = PBXResourcesBuildPhase;
			buildActionMask = 2147483647;
			files = (
				7093A78C23B364C200F04FFD /* LaunchScreen.storyboard in Resources */,
				7093A78923B364C200F04FFD /* Preview Assets.xcassets in Resources */,
				7093A78623B364C200F04FFD /* Assets.xcassets in Resources */,
			);
			runOnlyForDeploymentPostprocessing = 0;
		};
		7093A79023B364C200F04FFD /* Resources */ = {
			isa = PBXResourcesBuildPhase;
			buildActionMask = 2147483647;
			files = (
			);
			runOnlyForDeploymentPostprocessing = 0;
		};
		7093A79B23B364C200F04FFD /* Resources */ = {
			isa = PBXResourcesBuildPhase;
			buildActionMask = 2147483647;
			files = (
			);
			runOnlyForDeploymentPostprocessing = 0;
		};
/* End PBXResourcesBuildPhase section */

/* Begin PBXSourcesBuildPhase section */
		7093A77823B364BD00F04FFD /* Sources */ = {
			isa = PBXSourcesBuildPhase;
			buildActionMask = 2147483647;
			files = (
				7093A78023B364BE00F04FFD /* AppDelegate.swift in Sources */,
				7093A78223B364BE00F04FFD /* SceneDelegate.swift in Sources */,
				7093A78423B364BE00F04FFD /* ContentView.swift in Sources */,
			);
			runOnlyForDeploymentPostprocessing = 0;
		};
		7093A78E23B364C200F04FFD /* Sources */ = {
			isa = PBXSourcesBuildPhase;
			buildActionMask = 2147483647;
			files = (
				7093A79723B364C200F04FFD /* BullseyeTests.swift in Sources */,
			);
			runOnlyForDeploymentPostprocessing = 0;
		};
		7093A79923B364C200F04FFD /* Sources */ = {
			isa = PBXSourcesBuildPhase;
			buildActionMask = 2147483647;
			files = (
				7093A7A223B364C200F04FFD /* BullseyeUITests.swift in Sources */,
			);
			runOnlyForDeploymentPostprocessing = 0;
		};
/* End PBXSourcesBuildPhase section */

/* Begin PBXTargetDependency section */
		7093A79423B364C200F04FFD /* PBXTargetDependency */ = {
			isa = PBXTargetDependency;
			target = 7093A77B23B364BD00F04FFD /* Bullseye */;
			targetProxy = 7093A79323B364C200F04FFD /* PBXContainerItemProxy */;
		};
		7093A79F23B364C200F04FFD /* PBXTargetDependency */ = {
			isa = PBXTargetDependency;
			target = 7093A77B23B364BD00F04FFD /* Bullseye */;
			targetProxy = 7093A79E23B364C200F04FFD /* PBXContainerItemProxy */;
		};
/* End PBXTargetDependency section */

/* Begin PBXVariantGroup section */
		7093A78A23B364C200F04FFD /* LaunchScreen.storyboard */ = {
			isa = PBXVariantGroup;
			children = (
				7093A78B23B364C200F04FFD /* Base */,
			);
			name = LaunchScreen.storyboard;
			sourceTree = "<group>";
		};
/* End PBXVariantGroup section */

/* Begin XCBuildConfiguration section */
		7093A7A423B364C200F04FFD /* Debug */ = {
			isa = XCBuildConfiguration;
			buildSettings = {
				ALWAYS_SEARCH_USER_PATHS = NO;
				CLANG_ANALYZER_NONNULL = YES;
				CLANG_ANALYZER_NUMBER_OBJECT_CONVERSION = YES_AGGRESSIVE;
				CLANG_CXX_LANGUAGE_STANDARD = "gnu++14";
				CLANG_CXX_LIBRARY = "libc++";
				CLANG_ENABLE_MODULES = YES;
				CLANG_ENABLE_OBJC_ARC = YES;
				CLANG_ENABLE_OBJC_WEAK = YES;
				CLANG_WARN_BLOCK_CAPTURE_AUTORELEASING = YES;
				CLANG_WARN_BOOL_CONVERSION = YES;
				CLANG_WARN_COMMA = YES;
				CLANG_WARN_CONSTANT_CONVERSION = YES;
				CLANG_WARN_DEPRECATED_OBJC_IMPLEMENTATIONS = YES;
				CLANG_WARN_DIRECT_OBJC_ISA_USAGE = YES_ERROR;
				CLANG_WARN_DOCUMENTATION_COMMENTS = YES;
				CLANG_WARN_EMPTY_BODY = YES;
				CLANG_WARN_ENUM_CONVERSION = YES;
				CLANG_WARN_INFINITE_RECURSION = YES;
				CLANG_WARN_INT_CONVERSION = YES;
				CLANG_WARN_NON_LITERAL_NULL_CONVERSION = YES;
				CLANG_WARN_OBJC_IMPLICIT_RETAIN_SELF = YES;
				CLANG_WARN_OBJC_LITERAL_CONVERSION = YES;
				CLANG_WARN_OBJC_ROOT_CLASS = YES_ERROR;
				CLANG_WARN_RANGE_LOOP_ANALYSIS = YES;
				CLANG_WARN_STRICT_PROTOTYPES = YES;
				CLANG_WARN_SUSPICIOUS_MOVE = YES;
				CLANG_WARN_UNGUARDED_AVAILABILITY = YES_AGGRESSIVE;
				CLANG_WARN_UNREACHABLE_CODE = YES;
				CLANG_WARN__DUPLICATE_METHOD_MATCH = YES;
				COPY_PHASE_STRIP = NO;
				DEBUG_INFORMATION_FORMAT = dwarf;
				ENABLE_STRICT_OBJC_MSGSEND = YES;
				ENABLE_TESTABILITY = YES;
				GCC_C_LANGUAGE_STANDARD = gnu11;
				GCC_DYNAMIC_NO_PIC = NO;
				GCC_NO_COMMON_BLOCKS = YES;
				GCC_OPTIMIZATION_LEVEL = 0;
				GCC_PREPROCESSOR_DEFINITIONS = (
					"DEBUG=1",
					"$(inherited)",
				);
				GCC_WARN_64_TO_32_BIT_CONVERSION = YES;
				GCC_WARN_ABOUT_RETURN_TYPE = YES_ERROR;
				GCC_WARN_UNDECLARED_SELECTOR = YES;
				GCC_WARN_UNINITIALIZED_AUTOS = YES_AGGRESSIVE;
				GCC_WARN_UNUSED_FUNCTION = YES;
				GCC_WARN_UNUSED_VARIABLE = YES;
				IPHONEOS_DEPLOYMENT_TARGET = 13.2;
				MTL_ENABLE_DEBUG_INFO = INCLUDE_SOURCE;
				MTL_FAST_MATH = YES;
				ONLY_ACTIVE_ARCH = YES;
				SDKROOT = iphoneos;
				SWIFT_ACTIVE_COMPILATION_CONDITIONS = DEBUG;
				SWIFT_OPTIMIZATION_LEVEL = "-Onone";
			};
			name = Debug;
		};
		7093A7A523B364C200F04FFD /* Release */ = {
			isa = XCBuildConfiguration;
			buildSettings = {
				ALWAYS_SEARCH_USER_PATHS = NO;
				CLANG_ANALYZER_NONNULL = YES;
				CLANG_ANALYZER_NUMBER_OBJECT_CONVERSION = YES_AGGRESSIVE;
				CLANG_CXX_LANGUAGE_STANDARD = "gnu++14";
				CLANG_CXX_LIBRARY = "libc++";
				CLANG_ENABLE_MODULES = YES;
				CLANG_ENABLE_OBJC_ARC = YES;
				CLANG_ENABLE_OBJC_WEAK = YES;
				CLANG_WARN_BLOCK_CAPTURE_AUTORELEASING = YES;
				CLANG_WARN_BOOL_CONVERSION = YES;
				CLANG_WARN_COMMA = YES;
				CLANG_WARN_CONSTANT_CONVERSION = YES;
				CLANG_WARN_DEPRECATED_OBJC_IMPLEMENTATIONS = YES;
				CLANG_WARN_DIRECT_OBJC_ISA_USAGE = YES_ERROR;
				CLANG_WARN_DOCUMENTATION_COMMENTS = YES;
				CLANG_WARN_EMPTY_BODY = YES;
				CLANG_WARN_ENUM_CONVERSION = YES;
				CLANG_WARN_INFINITE_RECURSION = YES;
				CLANG_WARN_INT_CONVERSION = YES;
				CLANG_WARN_NON_LITERAL_NULL_CONVERSION = YES;
				CLANG_WARN_OBJC_IMPLICIT_RETAIN_SELF = YES;
				CLANG_WARN_OBJC_LITERAL_CONVERSION = YES;
				CLANG_WARN_OBJC_ROOT_CLASS = YES_ERROR;
				CLANG_WARN_RANGE_LOOP_ANALYSIS = YES;
				CLANG_WARN_STRICT_PROTOTYPES = YES;
				CLANG_WARN_SUSPICIOUS_MOVE = YES;
				CLANG_WARN_UNGUARDED_AVAILABILITY = YES_AGGRESSIVE;
				CLANG_WARN_UNREACHABLE_CODE = YES;
				CLANG_WARN__DUPLICATE_METHOD_MATCH = YES;
				COPY_PHASE_STRIP = NO;
				DEBUG_INFORMATION_FORMAT = "dwarf-with-dsym";
				ENABLE_NS_ASSERTIONS = NO;
				ENABLE_STRICT_OBJC_MSGSEND = YES;
				GCC_C_LANGUAGE_STANDARD = gnu11;
				GCC_NO_COMMON_BLOCKS = YES;
				GCC_WARN_64_TO_32_BIT_CONVERSION = YES;
				GCC_WARN_ABOUT_RETURN_TYPE = YES_ERROR;
				GCC_WARN_UNDECLARED_SELECTOR = YES;
				GCC_WARN_UNINITIALIZED_AUTOS = YES_AGGRESSIVE;
				GCC_WARN_UNUSED_FUNCTION = YES;
				GCC_WARN_UNUSED_VARIABLE = YES;
				IPHONEOS_DEPLOYMENT_TARGET = 13.2;
				MTL_ENABLE_DEBUG_INFO = NO;
				MTL_FAST_MATH = YES;
				SDKROOT = iphoneos;
				SWIFT_COMPILATION_MODE = wholemodule;
				SWIFT_OPTIMIZATION_LEVEL = "-O";
				VALIDATE_PRODUCT = YES;
			};
			name = Release;
		};
		7093A7A723B364C200F04FFD /* Debug */ = {
			isa = XCBuildConfiguration;
			buildSettings = {
				ASSETCATALOG_COMPILER_APPICON_NAME = AppIcon;
				CODE_SIGN_STYLE = Automatic;
				DEVELOPMENT_ASSET_PATHS = "\"Bullseye/Preview Content\"";
				DEVELOPMENT_TEAM = VG92JZ53Y3;
				ENABLE_PREVIEWS = YES;
				INFOPLIST_FILE = Bullseye/Info.plist;
				LD_RUNPATH_SEARCH_PATHS = (
					"$(inherited)",
					"@executable_path/Frameworks",
				);
				PRODUCT_BUNDLE_IDENTIFIER = dmt.mingting.Bullseye;
				PRODUCT_NAME = "$(TARGET_NAME)";
				SWIFT_VERSION = 5.0;
				TARGETED_DEVICE_FAMILY = "1,2";
			};
			name = Debug;
		};
		7093A7A823B364C200F04FFD /* Release */ = {
			isa = XCBuildConfiguration;
			buildSettings = {
				ASSETCATALOG_COMPILER_APPICON_NAME = AppIcon;
				CODE_SIGN_STYLE = Automatic;
				DEVELOPMENT_ASSET_PATHS = "\"Bullseye/Preview Content\"";
				DEVELOPMENT_TEAM = VG92JZ53Y3;
				ENABLE_PREVIEWS = YES;
				INFOPLIST_FILE = Bullseye/Info.plist;
				LD_RUNPATH_SEARCH_PATHS = (
					"$(inherited)",
					"@executable_path/Frameworks",
				);
				PRODUCT_BUNDLE_IDENTIFIER = dmt.mingting.Bullseye;
				PRODUCT_NAME = "$(TARGET_NAME)";
				SWIFT_VERSION = 5.0;
				TARGETED_DEVICE_FAMILY = "1,2";
			};
			name = Release;
		};
		7093A7AA23B364C200F04FFD /* Debug */ = {
			isa = XCBuildConfiguration;
			buildSettings = {
				ALWAYS_EMBED_SWIFT_STANDARD_LIBRARIES = YES;
				BUNDLE_LOADER = "$(TEST_HOST)";
				CODE_SIGN_STYLE = Automatic;
				DEVELOPMENT_TEAM = VG92JZ53Y3;
				INFOPLIST_FILE = BullseyeTests/Info.plist;
				IPHONEOS_DEPLOYMENT_TARGET = 13.2;
				LD_RUNPATH_SEARCH_PATHS = (
					"$(inherited)",
					"@executable_path/Frameworks",
					"@loader_path/Frameworks",
				);
				PRODUCT_BUNDLE_IDENTIFIER = dmt.mingting.BullseyeTests;
				PRODUCT_NAME = "$(TARGET_NAME)";
				SWIFT_VERSION = 5.0;
				TARGETED_DEVICE_FAMILY = "1,2";
				TEST_HOST = "$(BUILT_PRODUCTS_DIR)/Bullseye.app/Bullseye";
			};
			name = Debug;
		};
		7093A7AB23B364C200F04FFD /* Release */ = {
			isa = XCBuildConfiguration;
			buildSettings = {
				ALWAYS_EMBED_SWIFT_STANDARD_LIBRARIES = YES;
				BUNDLE_LOADER = "$(TEST_HOST)";
				CODE_SIGN_STYLE = Automatic;
				DEVELOPMENT_TEAM = VG92JZ53Y3;
				INFOPLIST_FILE = BullseyeTests/Info.plist;
				IPHONEOS_DEPLOYMENT_TARGET = 13.2;
				LD_RUNPATH_SEARCH_PATHS = (
					"$(inherited)",
					"@executable_path/Frameworks",
					"@loader_path/Frameworks",
				);
				PRODUCT_BUNDLE_IDENTIFIER = dmt.mingting.BullseyeTests;
				PRODUCT_NAME = "$(TARGET_NAME)";
				SWIFT_VERSION = 5.0;
				TARGETED_DEVICE_FAMILY = "1,2";
				TEST_HOST = "$(BUILT_PRODUCTS_DIR)/Bullseye.app/Bullseye";
			};
			name = Release;
		};
		7093A7AD23B364C200F04FFD /* Debug */ = {
			isa = XCBuildConfiguration;
			buildSettings = {
				ALWAYS_EMBED_SWIFT_STANDARD_LIBRARIES = YES;
				CODE_SIGN_STYLE = Automatic;
				DEVELOPMENT_TEAM = VG92JZ53Y3;
				INFOPLIST_FILE = BullseyeUITests/Info.plist;
				LD_RUNPATH_SEARCH_PATHS = (
					"$(inherited)",
					"@executable_path/Frameworks",
					"@loader_path/Frameworks",
				);
				PRODUCT_BUNDLE_IDENTIFIER = dmt.mingting.BullseyeUITests;
				PRODUCT_NAME = "$(TARGET_NAME)";
				SWIFT_VERSION = 5.0;
				TARGETED_DEVICE_FAMILY = "1,2";
				TEST_TARGET_NAME = Bullseye;
			};
			name = Debug;
		};
		7093A7AE23B364C200F04FFD /* Release */ = {
			isa = XCBuildConfiguration;
			buildSettings = {
				ALWAYS_EMBED_SWIFT_STANDARD_LIBRARIES = YES;
				CODE_SIGN_STYLE = Automatic;
				DEVELOPMENT_TEAM = VG92JZ53Y3;
				INFOPLIST_FILE = BullseyeUITests/Info.plist;
				LD_RUNPATH_SEARCH_PATHS = (
					"$(inherited)",
					"@executable_path/Frameworks",
					"@loader_path/Frameworks",
				);
				PRODUCT_BUNDLE_IDENTIFIER = dmt.mingting.BullseyeUITests;
				PRODUCT_NAME = "$(TARGET_NAME)";
				SWIFT_VERSION = 5.0;
				TARGETED_DEVICE_FAMILY = "1,2";
				TEST_TARGET_NAME = Bullseye;
			};
			name = Release;
		};
/* End XCBuildConfiguration section */

/* Begin XCConfigurationList section */
		7093A77723B364BD00F04FFD /* Build configuration list for PBXProject "Bullseye" */ = {
			isa = XCConfigurationList;
			buildConfigurations = (
				7093A7A423B364C200F04FFD /* Debug */,
				7093A7A523B364C200F04FFD /* Release */,
			);
			defaultConfigurationIsVisible = 0;
			defaultConfigurationName = Release;
		};
		7093A7A623B364C200F04FFD /* Build configuration list for PBXNativeTarget "Bullseye" */ = {
			isa = XCConfigurationList;
			buildConfigurations = (
				7093A7A723B364C200F04FFD /* Debug */,
				7093A7A823B364C200F04FFD /* Release */,
			);
			defaultConfigurationIsVisible = 0;
			defaultConfigurationName = Release;
		};
		7093A7A923B364C200F04FFD /* Build configuration list for PBXNativeTarget "BullseyeTests" */ = {
			isa = XCConfigurationList;
			buildConfigurations = (
				7093A7AA23B364C200F04FFD /* Debug */,
				7093A7AB23B364C200F04FFD /* Release */,
			);
			defaultConfigurationIsVisible = 0;
			defaultConfigurationName = Release;
		};
		7093A7AC23B364C200F04FFD /* Build configuration list for PBXNativeTarget "BullseyeUITests" */ = {
			isa = XCConfigurationList;
			buildConfigurations = (
				7093A7AD23B364C200F04FFD /* Debug */,
				7093A7AE23B364C200F04FFD /* Release */,
			);
			defaultConfigurationIsVisible = 0;
			defaultConfigurationName = Release;
		};
/* End XCConfigurationList section */
	};
	rootObject = 7093A77423B364BD00F04FFD /* Project object */;
}
